{"RootDirectory":"/home/user/NanoWarp/examples/data","DataBaseFile":"/home/user/NanoWarp/examples/data/database.lock","DirectoryList":{"EntryList":{"Type":"directory","Path":"/home/user/NanoWarp/examples/data","Descendants":{"dataType":"Map","value":[["Endpoints",{"Type":"directory","Path":"/home/user/NanoWarp/examples/data/Endpoints","Descendants":{"dataType":"Map","value":[["DELETE",{"Type":"directory","Path":"/home/user/NanoWarp/examples/data/Endpoints/DELETE","Descendants":{"dataType":"Map","value":[]}}],["GET",{"Type":"directory","Path":"/home/user/NanoWarp/examples/data/Endpoints/GET","Descendants":{"dataType":"Map","value":[]}}],["PATCH",{"Type":"directory","Path":"/home/user/NanoWarp/examples/data/Endpoints/PATCH","Descendants":{"dataType":"Map","value":[]}}],["POST",{"Type":"directory","Path":"/home/user/NanoWarp/examples/data/Endpoints/POST","Descendants":{"dataType":"Map","value":[]}}],["PUT",{"Type":"directory","Path":"/home/user/NanoWarp/examples/data/Endpoints/PUT","Descendants":{"dataType":"Map","value":[]}}]]}}],["database.lock",{"Type":"file","Path":"/home/user/NanoWarp/examples/data/database.lock"}]]}},"EntryBuffer":{}}}