{"RootDirectory":"/home/ncwardell/NanoWarp/examples/Database","DataBaseFile":"/home/ncwardell/NanoWarp/examples/Database/database.lock","DirectoryList":{"EntryList":{"Type":"directory","Path":"/home/ncwardell/NanoWarp/examples/Database","Descendants":{"dataType":"Map","value":[["Endpoints",{"Type":"directory","Path":"/home/ncwardell/NanoWarp/examples/Database/Endpoints","Descendants":{"dataType":"Map","value":[["DELETE",{"Type":"directory","Path":"/home/ncwardell/NanoWarp/examples/Database/Endpoints/DELETE","Descendants":{"dataType":"Map","value":[]}}],["GET",{"Type":"directory","Path":"/home/ncwardell/NanoWarp/examples/Database/Endpoints/GET","Descendants":{"dataType":"Map","value":[["health.ts",{"Type":"file","Path":"/home/ncwardell/NanoWarp/examples/Database/Endpoints/GET/health.ts"}],["info.ts",{"Type":"file","Path":"/home/ncwardell/NanoWarp/examples/Database/Endpoints/GET/info.ts"}],["ping.ts",{"Type":"file","Path":"/home/ncwardell/NanoWarp/examples/Database/Endpoints/GET/ping.ts"}]]}}],["PATCH",{"Type":"directory","Path":"/home/ncwardell/NanoWarp/examples/Database/Endpoints/PATCH","Descendants":{"dataType":"Map","value":[]}}],["POST",{"Type":"directory","Path":"/home/ncwardell/NanoWarp/examples/Database/Endpoints/POST","Descendants":{"dataType":"Map","value":[["echo.ts",{"Type":"file","Path":"/home/ncwardell/NanoWarp/examples/Database/Endpoints/POST/echo.ts"}]]}}],["PUT",{"Type":"directory","Path":"/home/ncwardell/NanoWarp/examples/Database/Endpoints/PUT","Descendants":{"dataType":"Map","value":[]}}]]}}],["database.lock",{"Type":"file","Path":"/home/ncwardell/NanoWarp/examples/Database/database.lock"}]]}},"EntryBuffer":{}}}